
Microsoft Visual Studio Solution File, Format Version 12.00
# Visual Studio 15
VisualStudioVersion = 15.0.27004.2002
MinimumVisualStudioVersion = 10.0.40219.1
Project("{FAE04EC0-301F-11D3-BF4B-00C04F79EFBC}") = "Cake.Flyway", "Cake.Flyway\Cake.Flyway.csproj", "{C8A77BA9-7B7E-45FE-B61D-C4BBBB5724A1}"
EndProject
Project("{FAE04EC0-301F-11D3-BF4B-00C04F79EFBC}") = "Cake.Flyway.Tests", "Cake.Flyway.Tests\Cake.Flyway.Tests.csproj", "{EC177124-BAE5-4611-B53A-E73076C4FD2F}"
EndProject
Global
	GlobalSection(SolutionConfigurationPlatforms) = preSolution
		Debug|Any CPU = Debug|Any CPU
		Release|Any CPU = Release|Any CPU
	EndGlobalSection
	GlobalSection(ProjectConfigurationPlatforms) = postSolution
		{C8A77BA9-7B7E-45FE-B61D-C4BBBB5724A1}.Debug|Any CPU.ActiveCfg = Debug|Any CPU
		{C8A77BA9-7B7E-45FE-B61D-C4BBBB5724A1}.Debug|Any CPU.Build.0 = Debug|Any CPU
		{C8A77BA9-7B7E-45FE-B61D-C4BBBB5724A1}.Release|Any CPU.ActiveCfg = Release|Any CPU
		{C8A77BA9-7B7E-45FE-B61D-C4BBBB5724A1}.Release|Any CPU.Build.0 = Release|Any CPU
		{EC177124-BAE5-4611-B53A-E73076C4FD2F}.Debug|Any CPU.ActiveCfg = Debug|Any CPU
		{EC177124-BAE5-4611-B53A-E73076C4FD2F}.Debug|Any CPU.Build.0 = Debug|Any CPU
		{EC177124-BAE5-4611-B53A-E73076C4FD2F}.Release|Any CPU.ActiveCfg = Release|Any CPU
		{EC177124-BAE5-4611-B53A-E73076C4FD2F}.Release|Any CPU.Build.0 = Release|Any CPU
	EndGlobalSection
	GlobalSection(SolutionProperties) = preSolution
		HideSolutionNode = FALSE
	EndGlobalSection
	GlobalSection(ExtensibilityGlobals) = postSolution
		SolutionGuid = {44034562-C824-4561-B1AC-E030B1BCD393}
	EndGlobalSection
EndGlobal
